
Microsoft Visual Studio Solution File, Format Version 12.00
Project("{FAE04EC0-301F-11D3-BF4B-00C04F79EFBC}") = "SportsStore", "SportsStore\SportsStore.csproj", "{B54B71AD-70E6-4FBF-AB0E-31B0ADA99E68}"
EndProject
Project("{FAE04EC0-301F-11D3-BF4B-00C04F79EFBC}") = "SportsStore.Tests", "SportsStore.Tests\SportsStore.Tests.csproj", "{D45F9CDA-9666-4C76-A56D-22DACC1DC43F}"
EndProject
Global
	GlobalSection(SolutionConfigurationPlatforms) = preSolution
		Debug|Any CPU = Debug|Any CPU
		Release|Any CPU = Release|Any CPU
	EndGlobalSection
	GlobalSection(ProjectConfigurationPlatforms) = postSolution
		{B54B71AD-70E6-4FBF-AB0E-31B0ADA99E68}.Debug|Any CPU.ActiveCfg = Debug|Any CPU
		{B54B71AD-70E6-4FBF-AB0E-31B0ADA99E68}.Debug|Any CPU.Build.0 = Debug|Any CPU
		{B54B71AD-70E6-4FBF-AB0E-31B0ADA99E68}.Release|Any CPU.ActiveCfg = Release|Any CPU
		{B54B71AD-70E6-4FBF-AB0E-31B0ADA99E68}.Release|Any CPU.Build.0 = Release|Any CPU
		{D45F9CDA-9666-4C76-A56D-22DACC1DC43F}.Debug|Any CPU.ActiveCfg = Debug|Any CPU
		{D45F9CDA-9666-4C76-A56D-22DACC1DC43F}.Debug|Any CPU.Build.0 = Debug|Any CPU
		{D45F9CDA-9666-4C76-A56D-22DACC1DC43F}.Release|Any CPU.ActiveCfg = Release|Any CPU
		{D45F9CDA-9666-4C76-A56D-22DACC1DC43F}.Release|Any CPU.Build.0 = Release|Any CPU
	EndGlobalSection
EndGlobal
